
Microsoft Visual Studio Solution File, Format Version 12.00
# Visual Studio Version 17
VisualStudioVersion = 17.4.33103.184
MinimumVisualStudioVersion = 10.0.40219.1
Project("{FAE04EC0-301F-11D3-BF4B-00C04F79EFBC}") = "CateringExercise", "CateringExercise\CateringExercise.csproj", "{F834D6DC-CFCF-4090-A42B-53C89C439F4D}"
EndProject
Global
	GlobalSection(SolutionConfigurationPlatforms) = preSolution
		Debug|Any CPU = Debug|Any CPU
		Release|Any CPU = Release|Any CPU
	EndGlobalSection
	GlobalSection(ProjectConfigurationPlatforms) = postSolution
		{F834D6DC-CFCF-4090-A42B-53C89C439F4D}.Debug|Any CPU.ActiveCfg = Debug|Any CPU
		{F834D6DC-CFCF-4090-A42B-53C89C439F4D}.Debug|Any CPU.Build.0 = Debug|Any CPU
		{F834D6DC-CFCF-4090-A42B-53C89C439F4D}.Release|Any CPU.ActiveCfg = Release|Any CPU
		{F834D6DC-CFCF-4090-A42B-53C89C439F4D}.Release|Any CPU.Build.0 = Release|Any CPU
	EndGlobalSection
	GlobalSection(SolutionProperties) = preSolution
		HideSolutionNode = FALSE
	EndGlobalSection
	GlobalSection(ExtensibilityGlobals) = postSolution
		SolutionGuid = {0B75AF04-C44E-46DD-BD62-132968DEA031}
	EndGlobalSection
EndGlobal
